// !$*UTF8*$!
{
	archiveVersion = 1;
	classes = {
	};
	objectVersion = 56;
	objects = {

/* Begin PBXBuildFile section */
		171A57292951EDE900820CC1 /* profile.swift in Sources */ = {isa = PBXBuildFile; fileRef = 171A57282951EDE900820CC1 /* profile.swift */; };
		171A572B2951F23100820CC1 /* Launch Screen.storyboard in Resources */ = {isa = PBXBuildFile; fileRef = 171A572A2951F23100820CC1 /* Launch Screen.storyboard */; };
		171A572D2951F59D00820CC1 /* LunchScreen.swift in Sources */ = {isa = PBXBuildFile; fileRef = 171A572C2951F59D00820CC1 /* LunchScreen.swift */; };
		174B2BFC295314FE00A0098C /* AuthView.swift in Sources */ = {isa = PBXBuildFile; fileRef = 174B2BFB295314FE00A0098C /* AuthView.swift */; };
		1754E99A2940F8F1001883E4 /* DarbApp.swift in Sources */ = {isa = PBXBuildFile; fileRef = 1754E9992940F8F1001883E4 /* DarbApp.swift */; };
		1754E99C2940F8F1001883E4 /* ContentView.swift in Sources */ = {isa = PBXBuildFile; fileRef = 1754E99B2940F8F1001883E4 /* ContentView.swift */; };
		1754E99E2940F8F2001883E4 /* Assets.xcassets in Resources */ = {isa = PBXBuildFile; fileRef = 1754E99D2940F8F2001883E4 /* Assets.xcassets */; };
		1754E9A12940F8F2001883E4 /* Preview Assets.xcassets in Resources */ = {isa = PBXBuildFile; fileRef = 1754E9A02940F8F2001883E4 /* Preview Assets.xcassets */; };
		1754E9A829410EED001883E4 /* SwiftUIView.swift in Sources */ = {isa = PBXBuildFile; fileRef = 1754E9A729410EED001883E4 /* SwiftUIView.swift */; };
		1754E9AC29412F80001883E4 /* Amiri-Regular.ttf in Resources */ = {isa = PBXBuildFile; fileRef = 1754E9AB29412F80001883E4 /* Amiri-Regular.ttf */; };
		1754E9AE29414219001883E4 /* Amiri-Bold.ttf in Resources */ = {isa = PBXBuildFile; fileRef = 1754E9AD29414219001883E4 /* Amiri-Bold.ttf */; };
		17804BE0294F385C00A09A4C /* loc.swift in Sources */ = {isa = PBXBuildFile; fileRef = 17804BDF294F385C00A09A4C /* loc.swift */; };
		17804BE229508D0C00A09A4C /* bankAlblad_Page.swift in Sources */ = {isa = PBXBuildFile; fileRef = 17804BE129508D0C00A09A4C /* bankAlblad_Page.swift */; };
		17804BE62950B2CB00A09A4C /* onborarding.swift in Sources */ = {isa = PBXBuildFile; fileRef = 17804BE52950B2CB00A09A4C /* onborarding.swift */; };
		17804BE82951DAB600A09A4C /* Detailsof .swift in Sources */ = {isa = PBXBuildFile; fileRef = 17804BE72951DAB600A09A4C /* Detailsof .swift */; };
		17804BEB2951DB4400A09A4C /* iPhoneNumberField in Frameworks */ = {isa = PBXBuildFile; productRef = 17804BEA2951DB4400A09A4C /* iPhoneNumberField */; };
		17804BEE2951DB5E00A09A4C /* iTextField in Frameworks */ = {isa = PBXBuildFile; productRef = 17804BED2951DB5E00A09A4C /* iTextField */; };
/* End PBXBuildFile section */

/* Begin PBXFileReference section */
		171A57282951EDE900820CC1 /* profile.swift */ = {isa = PBXFileReference; lastKnownFileType = sourcecode.swift; path = profile.swift; sourceTree = "<group>"; };
		171A572A2951F23100820CC1 /* Launch Screen.storyboard */ = {isa = PBXFileReference; lastKnownFileType = file.storyboard; path = "Launch Screen.storyboard"; sourceTree = "<group>"; };
		171A572C2951F59D00820CC1 /* LunchScreen.swift */ = {isa = PBXFileReference; lastKnownFileType = sourcecode.swift; path = LunchScreen.swift; sourceTree = "<group>"; };
		174B2BFB295314FE00A0098C /* AuthView.swift */ = {isa = PBXFileReference; lastKnownFileType = sourcecode.swift; path = AuthView.swift; sourceTree = "<group>"; };
		1754E9962940F8F1001883E4 /* Darb.app */ = {isa = PBXFileReference; explicitFileType = wrapper.application; includeInIndex = 0; path = Darb.app; sourceTree = BUILT_PRODUCTS_DIR; };
		1754E9992940F8F1001883E4 /* DarbApp.swift */ = {isa = PBXFileReference; lastKnownFileType = sourcecode.swift; path = DarbApp.swift; sourceTree = "<group>"; };
		1754E99B2940F8F1001883E4 /* ContentView.swift */ = {isa = PBXFileReference; lastKnownFileType = sourcecode.swift; path = ContentView.swift; sourceTree = "<group>"; };
		1754E99D2940F8F2001883E4 /* Assets.xcassets */ = {isa = PBXFileReference; lastKnownFileType = folder.assetcatalog; path = Assets.xcassets; sourceTree = "<group>"; };
		1754E9A02940F8F2001883E4 /* Preview Assets.xcassets */ = {isa = PBXFileReference; lastKnownFileType = folder.assetcatalog; path = "Preview Assets.xcassets"; sourceTree = "<group>"; };
		1754E9A729410EED001883E4 /* SwiftUIView.swift */ = {isa = PBXFileReference; lastKnownFileType = sourcecode.swift; path = SwiftUIView.swift; sourceTree = "<group>"; };
		1754E9AB29412F80001883E4 /* Amiri-Regular.ttf */ = {isa = PBXFileReference; lastKnownFileType = file; path = "Amiri-Regular.ttf"; sourceTree = "<group>"; };
		1754E9AD29414219001883E4 /* Amiri-Bold.ttf */ = {isa = PBXFileReference; lastKnownFileType = file; path = "Amiri-Bold.ttf"; sourceTree = "<group>"; };
		17804BDF294F385C00A09A4C /* loc.swift */ = {isa = PBXFileReference; lastKnownFileType = sourcecode.swift; path = loc.swift; sourceTree = "<group>"; };
		17804BE129508D0C00A09A4C /* bankAlblad_Page.swift */ = {isa = PBXFileReference; lastKnownFileType = sourcecode.swift; path = bankAlblad_Page.swift; sourceTree = "<group>"; };
		17804BE52950B2CB00A09A4C /* onborarding.swift */ = {isa = PBXFileReference; lastKnownFileType = sourcecode.swift; path = onborarding.swift; sourceTree = "<group>"; };
		17804BE72951DAB600A09A4C /* Detailsof .swift */ = {isa = PBXFileReference; lastKnownFileType = sourcecode.swift; path = "Detailsof .swift"; sourceTree = "<group>"; };
/* End PBXFileReference section */

/* Begin PBXFrameworksBuildPhase section */
		1754E9932940F8F1001883E4 /* Frameworks */ = {
			isa = PBXFrameworksBuildPhase;
			buildActionMask = 2147483647;
			files = (
				17804BEE2951DB5E00A09A4C /* iTextField in Frameworks */,
				17804BEB2951DB4400A09A4C /* iPhoneNumberField in Frameworks */,
			);
			runOnlyForDeploymentPostprocessing = 0;
		};
/* End PBXFrameworksBuildPhase section */

/* Begin PBXGroup section */
		1754E98D2940F8F1001883E4 = {
			isa = PBXGroup;
			children = (
				1754E9982940F8F1001883E4 /* Darb */,
				1754E9972940F8F1001883E4 /* Products */,
			);
			sourceTree = "<group>";
		};
		1754E9972940F8F1001883E4 /* Products */ = {
			isa = PBXGroup;
			children = (
				1754E9962940F8F1001883E4 /* Darb.app */,
			);
			name = Products;
			sourceTree = "<group>";
		};
		1754E9982940F8F1001883E4 /* Darb */ = {
			isa = PBXGroup;
			children = (
				1754E9AA29412F4A001883E4 /* Font */,
				1754E9992940F8F1001883E4 /* DarbApp.swift */,
				1754E99B2940F8F1001883E4 /* ContentView.swift */,
				171A572C2951F59D00820CC1 /* LunchScreen.swift */,
				17804BE52950B2CB00A09A4C /* onborarding.swift */,
				174B2BFB295314FE00A0098C /* AuthView.swift */,
				17804BDF294F385C00A09A4C /* loc.swift */,
				1754E9A729410EED001883E4 /* SwiftUIView.swift */,
				17804BE129508D0C00A09A4C /* bankAlblad_Page.swift */,
				17804BE72951DAB600A09A4C /* Detailsof .swift */,
				171A57282951EDE900820CC1 /* profile.swift */,
				1754E99D2940F8F2001883E4 /* Assets.xcassets */,
				1754E99F2940F8F2001883E4 /* Preview Content */,
			);
			path = Darb;
			sourceTree = "<group>";
		};
		1754E99F2940F8F2001883E4 /* Preview Content */ = {
			isa = PBXGroup;
			children = (
				1754E9A02940F8F2001883E4 /* Preview Assets.xcassets */,
			);
			path = "Preview Content";
			sourceTree = "<group>";
		};
		1754E9AA29412F4A001883E4 /* Font */ = {
			isa = PBXGroup;
			children = (
				171A572A2951F23100820CC1 /* Launch Screen.storyboard */,
				1754E9AD29414219001883E4 /* Amiri-Bold.ttf */,
				1754E9AB29412F80001883E4 /* Amiri-Regular.ttf */,
			);
			path = Font;
			sourceTree = "<group>";
		};
/* End PBXGroup section */

/* Begin PBXNativeTarget section */
		1754E9952940F8F1001883E4 /* Darb */ = {
			isa = PBXNativeTarget;
			buildConfigurationList = 1754E9A42940F8F2001883E4 /* Build configuration list for PBXNativeTarget "Darb" */;
			buildPhases = (
				1754E9922940F8F1001883E4 /* Sources */,
				1754E9932940F8F1001883E4 /* Frameworks */,
				1754E9942940F8F1001883E4 /* Resources */,
			);
			buildRules = (
			);
			dependencies = (
			);
			name = Darb;
			packageProductDependencies = (
				17804BEA2951DB4400A09A4C /* iPhoneNumberField */,
				17804BED2951DB5E00A09A4C /* iTextField */,
			);
			productName = Darb;
			productReference = 1754E9962940F8F1001883E4 /* Darb.app */;
			productType = "com.apple.product-type.application";
		};
/* End PBXNativeTarget section */

/* Begin PBXProject section */
		1754E98E2940F8F1001883E4 /* Project object */ = {
			isa = PBXProject;
			attributes = {
				BuildIndependentTargetsInParallel = 1;
				LastSwiftUpdateCheck = 1410;
				LastUpgradeCheck = 1410;
				TargetAttributes = {
					1754E9952940F8F1001883E4 = {
						CreatedOnToolsVersion = 14.1;
					};
				};
			};
			buildConfigurationList = 1754E9912940F8F1001883E4 /* Build configuration list for PBXProject "Darb" */;
			compatibilityVersion = "Xcode 14.0";
			developmentRegion = en;
			hasScannedForEncodings = 0;
			knownRegions = (
				en,
				Base,
			);
			mainGroup = 1754E98D2940F8F1001883E4;
			packageReferences = (
				17804BE92951DB4400A09A4C /* XCRemoteSwiftPackageReference "iPhoneNumberField" */,
				17804BEC2951DB5E00A09A4C /* XCRemoteSwiftPackageReference "iTextField" */,
			);
			productRefGroup = 1754E9972940F8F1001883E4 /* Products */;
			projectDirPath = "";
			projectRoot = "";
			targets = (
				1754E9952940F8F1001883E4 /* Darb */,
			);
		};
/* End PBXProject section */

/* Begin PBXResourcesBuildPhase section */
		1754E9942940F8F1001883E4 /* Resources */ = {
			isa = PBXResourcesBuildPhase;
			buildActionMask = 2147483647;
			files = (
				1754E9A12940F8F2001883E4 /* Preview Assets.xcassets in Resources */,
				1754E99E2940F8F2001883E4 /* Assets.xcassets in Resources */,
				1754E9AE29414219001883E4 /* Amiri-Bold.ttf in Resources */,
				171A572B2951F23100820CC1 /* Launch Screen.storyboard in Resources */,
				1754E9AC29412F80001883E4 /* Amiri-Regular.ttf in Resources */,
			);
			runOnlyForDeploymentPostprocessing = 0;
		};
/* End PBXResourcesBuildPhase section */

/* Begin PBXSourcesBuildPhase section */
		1754E9922940F8F1001883E4 /* Sources */ = {
			isa = PBXSourcesBuildPhase;
			buildActionMask = 2147483647;
			files = (
				1754E99C2940F8F1001883E4 /* ContentView.swift in Sources */,
				171A57292951EDE900820CC1 /* profile.swift in Sources */,
				17804BE229508D0C00A09A4C /* bankAlblad_Page.swift in Sources */,
				17804BE82951DAB600A09A4C /* Detailsof .swift in Sources */,
				171A572D2951F59D00820CC1 /* LunchScreen.swift in Sources */,
				1754E99A2940F8F1001883E4 /* DarbApp.swift in Sources */,
				174B2BFC295314FE00A0098C /* AuthView.swift in Sources */,
				17804BE62950B2CB00A09A4C /* onborarding.swift in Sources */,
				17804BE0294F385C00A09A4C /* loc.swift in Sources */,
				1754E9A829410EED001883E4 /* SwiftUIView.swift in Sources */,
			);
			runOnlyForDeploymentPostprocessing = 0;
		};
/* End PBXSourcesBuildPhase section */

/* Begin XCBuildConfiguration section */
		1754E9A22940F8F2001883E4 /* Debug */ = {
			isa = XCBuildConfiguration;
			buildSettings = {
				ALWAYS_SEARCH_USER_PATHS = NO;
				CLANG_ANALYZER_NONNULL = YES;
				CLANG_ANALYZER_NUMBER_OBJECT_CONVERSION = YES_AGGRESSIVE;
				CLANG_CXX_LANGUAGE_STANDARD = "gnu++20";
				CLANG_ENABLE_MODULES = YES;
				CLANG_ENABLE_OBJC_ARC = YES;
				CLANG_ENABLE_OBJC_WEAK = YES;
				CLANG_WARN_BLOCK_CAPTURE_AUTORELEASING = YES;
				CLANG_WARN_BOOL_CONVERSION = YES;
				CLANG_WARN_COMMA = YES;
				CLANG_WARN_CONSTANT_CONVERSION = YES;
				CLANG_WARN_DEPRECATED_OBJC_IMPLEMENTATIONS = YES;
				CLANG_WARN_DIRECT_OBJC_ISA_USAGE = YES_ERROR;
				CLANG_WARN_DOCUMENTATION_COMMENTS = YES;
				CLANG_WARN_EMPTY_BODY = YES;
				CLANG_WARN_ENUM_CONVERSION = YES;
				CLANG_WARN_INFINITE_RECURSION = YES;
				CLANG_WARN_INT_CONVERSION = YES;
				CLANG_WARN_NON_LITERAL_NULL_CONVERSION = YES;
				CLANG_WARN_OBJC_IMPLICIT_RETAIN_SELF = YES;
				CLANG_WARN_OBJC_LITERAL_CONVERSION = YES;
				CLANG_WARN_OBJC_ROOT_CLASS = YES_ERROR;
				CLANG_WARN_QUOTED_INCLUDE_IN_FRAMEWORK_HEADER = YES;
				CLANG_WARN_RANGE_LOOP_ANALYSIS = YES;
				CLANG_WARN_STRICT_PROTOTYPES = YES;
				CLANG_WARN_SUSPICIOUS_MOVE = YES;
				CLANG_WARN_UNGUARDED_AVAILABILITY = YES_AGGRESSIVE;
				CLANG_WARN_UNREACHABLE_CODE = YES;
				CLANG_WARN__DUPLICATE_METHOD_MATCH = YES;
				COPY_PHASE_STRIP = NO;
				DEBUG_INFORMATION_FORMAT = dwarf;
				ENABLE_STRICT_OBJC_MSGSEND = YES;
				ENABLE_TESTABILITY = YES;
				GCC_C_LANGUAGE_STANDARD = gnu11;
				GCC_DYNAMIC_NO_PIC = NO;
				GCC_NO_COMMON_BLOCKS = YES;
				GCC_OPTIMIZATION_LEVEL = 0;
				GCC_PREPROCESSOR_DEFINITIONS = (
					"DEBUG=1",
					"$(inherited)",
				);
				GCC_WARN_64_TO_32_BIT_CONVERSION = YES;
				GCC_WARN_ABOUT_RETURN_TYPE = YES_ERROR;
				GCC_WARN_UNDECLARED_SELECTOR = YES;
				GCC_WARN_UNINITIALIZED_AUTOS = YES_AGGRESSIVE;
				GCC_WARN_UNUSED_FUNCTION = YES;
				GCC_WARN_UNUSED_VARIABLE = YES;
				IPHONEOS_DEPLOYMENT_TARGET = 16.1;
				MTL_ENABLE_DEBUG_INFO = INCLUDE_SOURCE;
				MTL_FAST_MATH = YES;
				ONLY_ACTIVE_ARCH = YES;
				SDKROOT = iphoneos;
				SWIFT_ACTIVE_COMPILATION_CONDITIONS = DEBUG;
				SWIFT_OPTIMIZATION_LEVEL = "-Onone";
			};
			name = Debug;
		};
		1754E9A32940F8F2001883E4 /* Release */ = {
			isa = XCBuildConfiguration;
			buildSettings = {
				ALWAYS_SEARCH_USER_PATHS = NO;
				CLANG_ANALYZER_NONNULL = YES;
				CLANG_ANALYZER_NUMBER_OBJECT_CONVERSION = YES_AGGRESSIVE;
				CLANG_CXX_LANGUAGE_STANDARD = "gnu++20";
				CLANG_ENABLE_MODULES = YES;
				CLANG_ENABLE_OBJC_ARC = YES;
				CLANG_ENABLE_OBJC_WEAK = YES;
				CLANG_WARN_BLOCK_CAPTURE_AUTORELEASING = YES;
				CLANG_WARN_BOOL_CONVERSION = YES;
				CLANG_WARN_COMMA = YES;
				CLANG_WARN_CONSTANT_CONVERSION = YES;
				CLANG_WARN_DEPRECATED_OBJC_IMPLEMENTATIONS = YES;
				CLANG_WARN_DIRECT_OBJC_ISA_USAGE = YES_ERROR;
				CLANG_WARN_DOCUMENTATION_COMMENTS = YES;
				CLANG_WARN_EMPTY_BODY = YES;
				CLANG_WARN_ENUM_CONVERSION = YES;
				CLANG_WARN_INFINITE_RECURSION = YES;
				CLANG_WARN_INT_CONVERSION = YES;
				CLANG_WARN_NON_LITERAL_NULL_CONVERSION = YES;
				CLANG_WARN_OBJC_IMPLICIT_RETAIN_SELF = YES;
				CLANG_WARN_OBJC_LITERAL_CONVERSION = YES;
				CLANG_WARN_OBJC_ROOT_CLASS = YES_ERROR;
				CLANG_WARN_QUOTED_INCLUDE_IN_FRAMEWORK_HEADER = YES;
				CLANG_WARN_RANGE_LOOP_ANALYSIS = YES;
				CLANG_WARN_STRICT_PROTOTYPES = YES;
				CLANG_WARN_SUSPICIOUS_MOVE = YES;
				CLANG_WARN_UNGUARDED_AVAILABILITY = YES_AGGRESSIVE;
				CLANG_WARN_UNREACHABLE_CODE = YES;
				CLANG_WARN__DUPLICATE_METHOD_MATCH = YES;
				COPY_PHASE_STRIP = NO;
				DEBUG_INFORMATION_FORMAT = "dwarf-with-dsym";
				ENABLE_NS_ASSERTIONS = NO;
				ENABLE_STRICT_OBJC_MSGSEND = YES;
				GCC_C_LANGUAGE_STANDARD = gnu11;
				GCC_NO_COMMON_BLOCKS = YES;
				GCC_WARN_64_TO_32_BIT_CONVERSION = YES;
				GCC_WARN_ABOUT_RETURN_TYPE = YES_ERROR;
				GCC_WARN_UNDECLARED_SELECTOR = YES;
				GCC_WARN_UNINITIALIZED_AUTOS = YES_AGGRESSIVE;
				GCC_WARN_UNUSED_FUNCTION = YES;
				GCC_WARN_UNUSED_VARIABLE = YES;
				IPHONEOS_DEPLOYMENT_TARGET = 16.1;
				MTL_ENABLE_DEBUG_INFO = NO;
				MTL_FAST_MATH = YES;
				SDKROOT = iphoneos;
				SWIFT_COMPILATION_MODE = wholemodule;
				SWIFT_OPTIMIZATION_LEVEL = "-O";
				VALIDATE_PRODUCT = YES;
			};
			name = Release;
		};
		1754E9A52940F8F2001883E4 /* Debug */ = {
			isa = XCBuildConfiguration;
			buildSettings = {
				ASSETCATALOG_COMPILER_APPICON_NAME = AppIcon;
				ASSETCATALOG_COMPILER_GLOBAL_ACCENT_COLOR_NAME = AccentColor;
				CODE_SIGN_STYLE = Automatic;
				CURRENT_PROJECT_VERSION = 1;
				DEVELOPMENT_ASSET_PATHS = "\"Darb/Preview Content\"";
				ENABLE_PREVIEWS = YES;
				GENERATE_INFOPLIST_FILE = YES;
				INFOPLIST_FILE = Darb/Info.plist;
				INFOPLIST_KEY_CFBundleDisplayName = "";
				INFOPLIST_KEY_LSApplicationCategoryType = "";
				INFOPLIST_KEY_NSHumanReadableCopyright = "";
				INFOPLIST_KEY_NSLocationAlwaysAndWhenInUseUsageDescription = "We would like access o your location";
				INFOPLIST_KEY_NSLocationAlwaysUsageDescription = "We would like access o your location";
				INFOPLIST_KEY_NSLocationUsageDescription = "We would like access o your location";
				INFOPLIST_KEY_NSLocationWhenInUseUsageDescription = "We would like access o your location";
				INFOPLIST_KEY_UIApplicationSceneManifest_Generation = YES;
				INFOPLIST_KEY_UIApplicationSupportsIndirectInputEvents = YES;
				INFOPLIST_KEY_UILaunchScreen_Generation = YES;
				INFOPLIST_KEY_UISupportedInterfaceOrientations_iPad = "UIInterfaceOrientationPortrait UIInterfaceOrientationPortraitUpsideDown UIInterfaceOrientationLandscapeLeft UIInterfaceOrientationLandscapeRight";
				INFOPLIST_KEY_UISupportedInterfaceOrientations_iPhone = "UIInterfaceOrientationPortrait UIInterfaceOrientationLandscapeLeft UIInterfaceOrientationLandscapeRight";
				LD_RUNPATH_SEARCH_PATHS = (
					"$(inherited)",
					"@executable_path/Frameworks",
				);
				MARKETING_VERSION = 1.0;
				PRODUCT_BUNDLE_IDENTIFIER = sh.Darb;
				PRODUCT_NAME = "$(TARGET_NAME)";
				SWIFT_EMIT_LOC_STRINGS = YES;
				SWIFT_VERSION = 5.0;
				TARGETED_DEVICE_FAMILY = "1,2";
			};
			name = Debug;
		};
		1754E9A62940F8F2001883E4 /* Release */ = {
			isa = XCBuildConfiguration;
			buildSettings = {
				ASSETCATALOG_COMPILER_APPICON_NAME = AppIcon;
				ASSETCATALOG_COMPILER_GLOBAL_ACCENT_COLOR_NAME = AccentColor;
				CODE_SIGN_STYLE = Automatic;
				CURRENT_PROJECT_VERSION = 1;
				DEVELOPMENT_ASSET_PATHS = "\"Darb/Preview Content\"";
				ENABLE_PREVIEWS = YES;
				GENERATE_INFOPLIST_FILE = YES;
				INFOPLIST_FILE = Darb/Info.plist;
				INFOPLIST_KEY_CFBundleDisplayName = "";
				INFOPLIST_KEY_LSApplicationCategoryType = "";
				INFOPLIST_KEY_NSHumanReadableCopyright = "";
				INFOPLIST_KEY_NSLocationAlwaysAndWhenInUseUsageDescription = "We would like access o your location";
				INFOPLIST_KEY_NSLocationAlwaysUsageDescription = "We would like access o your location";
				INFOPLIST_KEY_NSLocationUsageDescription = "We would like access o your location";
				INFOPLIST_KEY_NSLocationWhenInUseUsageDescription = "We would like access o your location";
				INFOPLIST_KEY_UIApplicationSceneManifest_Generation = YES;
				INFOPLIST_KEY_UIApplicationSupportsIndirectInputEvents = YES;
				INFOPLIST_KEY_UILaunchScreen_Generation = YES;
				INFOPLIST_KEY_UISupportedInterfaceOrientations_iPad = "UIInterfaceOrientationPortrait UIInterfaceOrientationPortraitUpsideDown UIInterfaceOrientationLandscapeLeft UIInterfaceOrientationLandscapeRight";
				INFOPLIST_KEY_UISupportedInterfaceOrientations_iPhone = "UIInterfaceOrientationPortrait UIInterfaceOrientationLandscapeLeft UIInterfaceOrientationLandscapeRight";
				LD_RUNPATH_SEARCH_PATHS = (
					"$(inherited)",
					"@executable_path/Frameworks",
				);
				MARKETING_VERSION = 1.0;
				PRODUCT_BUNDLE_IDENTIFIER = sh.Darb;
				PRODUCT_NAME = "$(TARGET_NAME)";
				SWIFT_EMIT_LOC_STRINGS = YES;
				SWIFT_VERSION = 5.0;
				TARGETED_DEVICE_FAMILY = "1,2";
			};
			name = Release;
		};
/* End XCBuildConfiguration section */

/* Begin XCConfigurationList section */
		1754E9912940F8F1001883E4 /* Build configuration list for PBXProject "Darb" */ = {
			isa = XCConfigurationList;
			buildConfigurations = (
				1754E9A22940F8F2001883E4 /* Debug */,
				1754E9A32940F8F2001883E4 /* Release */,
			);
			defaultConfigurationIsVisible = 0;
			defaultConfigurationName = Release;
		};
		1754E9A42940F8F2001883E4 /* Build configuration list for PBXNativeTarget "Darb" */ = {
			isa = XCConfigurationList;
			buildConfigurations = (
				1754E9A52940F8F2001883E4 /* Debug */,
				1754E9A62940F8F2001883E4 /* Release */,
			);
			defaultConfigurationIsVisible = 0;
			defaultConfigurationName = Release;
		};
/* End XCConfigurationList section */

/* Begin XCRemoteSwiftPackageReference section */
		17804BE92951DB4400A09A4C /* XCRemoteSwiftPackageReference "iPhoneNumberField" */ = {
			isa = XCRemoteSwiftPackageReference;
			repositoryURL = "https://github.com/MojtabaHs/iPhoneNumberField.git";
			requirement = {
				kind = upToNextMajorVersion;
				minimumVersion = 0.9.0;
			};
		};
		17804BEC2951DB5E00A09A4C /* XCRemoteSwiftPackageReference "iTextField" */ = {
			isa = XCRemoteSwiftPackageReference;
			repositoryURL = "https://github.com/benjaminsage/iTextField.git";
			requirement = {
				kind = upToNextMajorVersion;
				minimumVersion = 0.0.8;
			};
		};
/* End XCRemoteSwiftPackageReference section */

/* Begin XCSwiftPackageProductDependency section */
		17804BEA2951DB4400A09A4C /* iPhoneNumberField */ = {
			isa = XCSwiftPackageProductDependency;
			package = 17804BE92951DB4400A09A4C /* XCRemoteSwiftPackageReference "iPhoneNumberField" */;
			productName = iPhoneNumberField;
		};
		17804BED2951DB5E00A09A4C /* iTextField */ = {
			isa = XCSwiftPackageProductDependency;
			package = 17804BEC2951DB5E00A09A4C /* XCRemoteSwiftPackageReference "iTextField" */;
			productName = iTextField;
		};
/* End XCSwiftPackageProductDependency section */
	};
	rootObject = 1754E98E2940F8F1001883E4 /* Project object */;
}
